{
  "lockfileVersion": 1,
  "configVersion": 0,
  "workspaces": {
    "": {
      "name": "rust-types",
      "devDependencies": {
        "@biomejs/biome": "^2.4.16",
        "@swc/core": "^1.15.41",
        "@types/bun": "latest",
        "globals": "^16.5.0",
        "jiti": "^2.7.0",
        "jsdoc-example-runner": "^1.0.5",
        "typescript": "^5.9.3",
      },
    },
  },
  "packages": {
    "@biomejs/biome": ["@biomejs/biome@2.4.16", "", { "optionalDependencies": { "@biomejs/cli-darwin-arm64": "2.4.16", "@biomejs/cli-darwin-x64": "2.4.16", "@biomejs/cli-linux-arm64": "2.4.16", "@biomejs/cli-linux-arm64-musl": "2.4.16", "@biomejs/cli-linux-x64": "2.4.16", "@biomejs/cli-linux-x64-musl": "2.4.16", "@biomejs/cli-win32-arm64": "2.4.16", "@biomejs/cli-win32-x64": "2.4.16" }, "bin": { "biome": "bin/biome" } }, "sha512-x9ajFh1zChVybCiM3TN6OD4phAqLgtPZjFrZF+aTMYCPjwBO+k529TX7PPsAqtGNLeV4UgzwQnowEgS7bGmzcA=="],

    "@biomejs/cli-darwin-arm64": ["@biomejs/cli-darwin-arm64@2.4.16", "", { "os": "darwin", "cpu": "arm64" }, "sha512-wxPvu4XOA85YJk9ixSWUmq/QBHbid85BISbOAqqBM/5xQpPk9ayjk5375tOlSC0BeCwNSbPFafQBm+vBumXq0A=="],

    "@biomejs/cli-darwin-x64": ["@biomejs/cli-darwin-x64@2.4.16", "", { "os": "darwin", "cpu": "x64" }, "sha512-xFCqGPwYusQJp4N4NJLi1XJiZqjwFdjhT+KqtNy+Ug3qgfczqnTa6MSDvxJF6TkuDLoYJItMapz6tAf7kCekFw=="],

    "@biomejs/cli-linux-arm64": ["@biomejs/cli-linux-arm64@2.4.16", "", { "os": "linux", "cpu": "arm64" }, "sha512-2kFb4//jxfZaP6D+Rj5VkHkxgyD9EoRAVBEQb8PKRv+s4NO2zYNJKXFaJmK1CmhufJOWEfpHKaRbOja7qjmdhQ=="],

    "@biomejs/cli-linux-arm64-musl": ["@biomejs/cli-linux-arm64-musl@2.4.16", "", { "os": "linux", "cpu": "arm64" }, "sha512-oYxnW0ARfJkr72ezzF2OR8N/rtkgLUQeYtF8cFhVswbknHxtTcmzSsanVJP8yQKnGpGpc2ck6c5zLvHahL6Cbg=="],

    "@biomejs/cli-linux-x64": ["@biomejs/cli-linux-x64@2.4.16", "", { "os": "linux", "cpu": "x64" }, "sha512-NbcBbi/nJqn5baae6wqRXdS7Gadf2uRpehSh6vMSYpG8OhkXl/Xg8aorWrJ+9VWqAT5ml90alLvorkpMW0nBwQ=="],

    "@biomejs/cli-linux-x64-musl": ["@biomejs/cli-linux-x64-musl@2.4.16", "", { "os": "linux", "cpu": "x64" }, "sha512-iHDS+MCM65DPqWGu+ECC3uoALyj2H7F4nVUPxIPjz/PIl94EUu+EDfGZDzFP+NY1EOPVt9NQvwFqq7HdMmowdg=="],

    "@biomejs/cli-win32-arm64": ["@biomejs/cli-win32-arm64@2.4.16", "", { "os": "win32", "cpu": "arm64" }, "sha512-0rgImMsNb5v/chhkIFe3wu7PEFClS6RBAYUijGL9UsYN3PanSaoK24HSSuSJb1pYbYYVjzAyZTl3gtjJ84BM8A=="],

    "@biomejs/cli-win32-x64": ["@biomejs/cli-win32-x64@2.4.16", "", { "os": "win32", "cpu": "x64" }, "sha512-Kp85jgoBHa05gix6UIRjfCDiUV3w/8VIdZ247VyyO2gEjaw12WEVhdIjlxp/AMzXxqxQwbxNTDVZ3Mwd2RG5rw=="],

    "@swc/core": ["@swc/core@1.15.41", "", { "dependencies": { "@swc/counter": "^0.1.3", "@swc/types": "^0.1.26" }, "optionalDependencies": { "@swc/core-darwin-arm64": "1.15.41", "@swc/core-darwin-x64": "1.15.41", "@swc/core-linux-arm-gnueabihf": "1.15.41", "@swc/core-linux-arm64-gnu": "1.15.41", "@swc/core-linux-arm64-musl": "1.15.41", "@swc/core-linux-ppc64-gnu": "1.15.41", "@swc/core-linux-s390x-gnu": "1.15.41", "@swc/core-linux-x64-gnu": "1.15.41", "@swc/core-linux-x64-musl": "1.15.41", "@swc/core-win32-arm64-msvc": "1.15.41", "@swc/core-win32-ia32-msvc": "1.15.41", "@swc/core-win32-x64-msvc": "1.15.41" }, "peerDependencies": { "@swc/helpers": ">=0.5.17" }, "optionalPeers": ["@swc/helpers"] }, "sha512-03nQq/082QRJJiOvp3FGbgxTGyyxMxohPTjhk/W9bD2J0tk4ukITI7goOhOO2WbaHn/lsPmo/zf8+DIXhwpgYQ=="],

    "@swc/core-darwin-arm64": ["@swc/core-darwin-arm64@1.15.41", "", { "os": "darwin", "cpu": "arm64" }, "sha512-kREh6J5paQFvP3i7f/4FbqRNOJREutVFVOkder4GVyCBQ39YmER55cW/y1NNjwrchzFqgYswFn0mMDCqbqKzrw=="],

    "@swc/core-darwin-x64": ["@swc/core-darwin-x64@1.15.41", "", { "os": "darwin", "cpu": "x64" }, "sha512-N8B56ESFazZAWZyIkecADSPCwlLEinW7QLMEeotCpv4J7VXwfH+OLkmRL8o96UZ+1355fwHxDTS6/wK7yucvkA=="],

    "@swc/core-linux-arm-gnueabihf": ["@swc/core-linux-arm-gnueabihf@1.15.41", "", { "os": "linux", "cpu": "arm" }, "sha512-6XrId2fyle0mS5xxON8rU84mPd2Cq1kDJRj+4BnQKTd7u+2kSA6Ww+JkOP0iTNqOqt9OXhPOEAjBHAuonWcdCg=="],

    "@swc/core-linux-arm64-gnu": ["@swc/core-linux-arm64-gnu@1.15.41", "", { "os": "linux", "cpu": "arm64" }, "sha512-ynLIarxlkVnqHn1D0fKOVht6mNU5ks6lrH+MY3kkS+XFaGGgDxFZVjWKJlkYTKm3RCvBTfA8Ng5fLufXheMRKQ=="],

    "@swc/core-linux-arm64-musl": ["@swc/core-linux-arm64-musl@1.15.41", "", { "os": "linux", "cpu": "arm64" }, "sha512-dXu/5vd4gh8symyhRF+4G7gOPkjmb4pONhh7sl+6GSiW0LOKZlfu5kXmyFbTz9smOT7jgr002qY9b1nujjXt2A=="],

    "@swc/core-linux-ppc64-gnu": ["@swc/core-linux-ppc64-gnu@1.15.41", "", { "os": "linux", "cpu": "ppc64" }, "sha512-XGO6zVPXoPE0gf/XnI4jBbafNT13AYgoh6ns0JCSdOetI/kqVf0vhpz7NuNgAzZrMVCsmieqjPoTwViDgh4mOQ=="],

    "@swc/core-linux-s390x-gnu": ["@swc/core-linux-s390x-gnu@1.15.41", "", { "os": "linux", "cpu": "s390x" }, "sha512-0WUglRwyZtW+iMi7J3iFdrCxreZZIKf4egTwEQfIYRsqFax69A0OrFj+NIoFSE03xBT/IFRrg+S8K6f9Ky+4hA=="],

    "@swc/core-linux-x64-gnu": ["@swc/core-linux-x64-gnu@1.15.41", "", { "os": "linux", "cpu": "x64" }, "sha512-VxkuQK59c0tHm6uJZCUrS3cyA2JhGGfdU6e41SZz0x/JS+4Sm7C1mIc97In14vkZJopEt7yXA2TouCqZDSygEA=="],

    "@swc/core-linux-x64-musl": ["@swc/core-linux-x64-musl@1.15.41", "", { "os": "linux", "cpu": "x64" }, "sha512-/0qXIu1ZxggLuovLb22vFfKHq2AA4n6Whw5UwmVCHk4pkw7KWnPIQpMCEqUMPsNkFJig7PPp/TSYFu8ZEb2rtQ=="],

    "@swc/core-win32-arm64-msvc": ["@swc/core-win32-arm64-msvc@1.15.41", "", { "os": "win32", "cpu": "arm64" }, "sha512-Y481sMNZM6rECh9VO4+y26N1lWEDAyxnBZskUf37fl90uHE946VHfmiVQWT0uMFOhyJJFovGTRuF4W82dwewUg=="],

    "@swc/core-win32-ia32-msvc": ["@swc/core-win32-ia32-msvc@1.15.41", "", { "os": "win32", "cpu": "ia32" }, "sha512-BAchBD5qeUzy3hiPSLJtaaoSm4blCLyYffOF1bGE4ETcV+OisqjUAwDQMJj++4bTpvMCDzwC+Bj3PmQyBCtscw=="],

    "@swc/core-win32-x64-msvc": ["@swc/core-win32-x64-msvc@1.15.41", "", { "os": "win32", "cpu": "x64" }, "sha512-WOkA+fJ/ViVBQDsSV9JC52NACTe5PhlurA6viASDZGb7HR3KS01ZG7RZ+Bg6SVQFIoq3gSbTsskQVe6EbHFAYw=="],

    "@swc/counter": ["@swc/counter@0.1.3", "", {}, "sha512-e2BR4lsJkkRlKZ/qCHPw9ZaSxc0MVUd7gtbtaB7aMvHeJVYe8sOB8DBZkP2DtISHGSku9sCK6T6cnY0CtXrOCQ=="],

    "@swc/types": ["@swc/types@0.1.26", "", { "dependencies": { "@swc/counter": "^0.1.3" } }, "sha512-lyMwd7WGgG79RS7EERZV3T8wMdmPq3xwyg+1nmAM64kIhx5yl+juO2PYIHb7vTiPgPCj8LYjsNV2T5wiQHUEaw=="],

    "@types/bun": ["@types/bun@1.3.14", "", { "dependencies": { "bun-types": "1.3.14" } }, "sha512-h1hFqFVcvAvD9j9K7ZW7vd82aSA+rTdznZa+5bwvCwqSB1jmmfLcbIWhOLx1/+boy/xmjgCs/OMUL8hRJSmnPw=="],

    "@types/node": ["@types/node@24.8.1", "", { "dependencies": { "undici-types": "~7.14.0" } }, "sha512-alv65KGRadQVfVcG69MuB4IzdYVpRwMG/mq8KWOaoOdyY617P5ivaDiMCGOFDWD2sAn5Q0mR3mRtUOgm99hL9Q=="],

    "bun-types": ["bun-types@1.3.14", "", { "dependencies": { "@types/node": "*" } }, "sha512-4N0ig0fEomHt5R0KCFWjovxow98rIoRwKolrYdCcknNwMekCXRnWEUvgu5soYV8QXtVsrUD8B95MBOZGPvr6KQ=="],

    "globals": ["globals@16.5.0", "", {}, "sha512-c/c15i26VrJ4IRt5Z89DnIzCGDn9EcebibhAOjw5ibqEHsE1wLUgkPn9RDmNcUKyU87GeaL633nyJ+pplFR2ZQ=="],

    "jiti": ["jiti@2.7.0", "", { "bin": { "jiti": "lib/jiti-cli.mjs" } }, "sha512-AC/7JofJvZGrrneWNaEnJeOLUx+JlGt7tNa0wZiRPT4MY1wmfKjt2+6O2p2uz2+skll8OZZmJMNqeke7kKbNgQ=="],

    "jsdoc-example-runner": ["jsdoc-example-runner@1.0.5", "", { "peerDependencies": { "typescript": "^5" } }, "sha512-FmHG4bOZhNmH1CSTSVgiJG657ndNn8WMmO2LnAt2uOYi4QZL5Q5iRqNZsSW/Et1Rq7Py+2k75B/YBQF8q9g++A=="],

    "typescript": ["typescript@5.9.3", "", { "bin": { "tsc": "bin/tsc", "tsserver": "bin/tsserver" } }, "sha512-jl1vZzPDinLr9eUt3J/t7V6FgNEw9QjvBPdysz9KfQDD41fQrC2Y4vKQdiaUpFT4bXlb1RHhLpp8wtm6M5TgSw=="],

    "undici-types": ["undici-types@7.14.0", "", {}, "sha512-QQiYxHuyZ9gQUIrmPo3IA+hUl4KYk8uSA7cHrcKd/l3p1OTpZcM0Tbp9x7FAtXdAYhlasd60ncPpgu6ihG6TOA=="],
  }
}
